// !$*UTF8*$!
{
	archiveVersion = 1;
	classes = {
	};
	objectVersion = 56;
	objects = {

/* Begin PBXBuildFile section */
		F0B6905F2B90F35700C0E347 /* AsyncImage+View.swift in Sources */ = {isa = PBXBuildFile; fileRef = F0B6905E2B90F35700C0E347 /* AsyncImage+View.swift */; };
		F0B690612B90F36F00C0E347 /* ListRow+View.swift in Sources */ = {isa = PBXBuildFile; fileRef = F0B690602B90F36F00C0E347 /* ListRow+View.swift */; };
		F0B690652B90F3B900C0E347 /* Circular+View.swift in Sources */ = {isa = PBXBuildFile; fileRef = F0B690642B90F3B900C0E347 /* Circular+View.swift */; };
		F0B690672B90F3D900C0E347 /* SectionRow+View.swift in Sources */ = {isa = PBXBuildFile; fileRef = F0B690662B90F3D900C0E347 /* SectionRow+View.swift */; };
		F0B690692B90F40300C0E347 /* NavigationBar+View.swift in Sources */ = {isa = PBXBuildFile; fileRef = F0B690682B90F40300C0E347 /* NavigationBar+View.swift */; };
		F0B6906C2B90F50700C0E347 /* BackgroundStyle+Modifier.swift in Sources */ = {isa = PBXBuildFile; fileRef = F0B6906B2B90F50700C0E347 /* BackgroundStyle+Modifier.swift */; };
		F0B6906E2B90F54100C0E347 /* BackgroundColor+Modifier.swift in Sources */ = {isa = PBXBuildFile; fileRef = F0B6906D2B90F54100C0E347 /* BackgroundColor+Modifier.swift */; };
		F0B690702B90F57F00C0E347 /* AnimatableFont+Modifier.swift in Sources */ = {isa = PBXBuildFile; fileRef = F0B6906F2B90F57F00C0E347 /* AnimatableFont+Modifier.swift */; };
		F0B690732B90F5D400C0E347 /* ScrollPreferenceKey.swift in Sources */ = {isa = PBXBuildFile; fileRef = F0B690722B90F5D400C0E347 /* ScrollPreferenceKey.swift */; };
		F0B690792B90F65500C0E347 /* HomeView+Components.swift in Sources */ = {isa = PBXBuildFile; fileRef = F0B690782B90F65500C0E347 /* HomeView+Components.swift */; };
		F0B6907B2B90F68D00C0E347 /* Home+View.swift in Sources */ = {isa = PBXBuildFile; fileRef = F0B6907A2B90F68D00C0E347 /* Home+View.swift */; };
		F0B6907E2B90F6D600C0E347 /* Home+ViewModel.swift in Sources */ = {isa = PBXBuildFile; fileRef = F0B6907D2B90F6D600C0E347 /* Home+ViewModel.swift */; };
		F0B690822B90F74D00C0E347 /* CharacterDetail+View.swift in Sources */ = {isa = PBXBuildFile; fileRef = F0B690812B90F74D00C0E347 /* CharacterDetail+View.swift */; };
		F0B690872B90F7E700C0E347 /* Search+View.swift in Sources */ = {isa = PBXBuildFile; fileRef = F0B690862B90F7E700C0E347 /* Search+View.swift */; };
		F0B690892B90F83D00C0E347 /* SearchResults+Modifier.swift in Sources */ = {isa = PBXBuildFile; fileRef = F0B690882B90F83D00C0E347 /* SearchResults+Modifier.swift */; };
		F0B6908C2B90F89D00C0E347 /* SearchView+Components.swift in Sources */ = {isa = PBXBuildFile; fileRef = F0B6908B2B90F89D00C0E347 /* SearchView+Components.swift */; };
		F0B690922B90F94E00C0E347 /* Search+ViewModel.swift in Sources */ = {isa = PBXBuildFile; fileRef = F0B690912B90F94E00C0E347 /* Search+ViewModel.swift */; };
		F0B690952B90F9B200C0E347 /* Router.swift in Sources */ = {isa = PBXBuildFile; fileRef = F0B690942B90F9B200C0E347 /* Router.swift */; };
		F0B6909A2B90FB8E00C0E347 /* CharacterRepositoryTest.swift in Sources */ = {isa = PBXBuildFile; fileRef = F0B690992B90FB8E00C0E347 /* CharacterRepositoryTest.swift */; };
		F0B6909D2B90FBE100C0E347 /* CharacterUseCaseTest.swift in Sources */ = {isa = PBXBuildFile; fileRef = F0B6909C2B90FBE100C0E347 /* CharacterUseCaseTest.swift */; };
		F0B690A22B90FC7300C0E347 /* HomeViewModel+Test.swift in Sources */ = {isa = PBXBuildFile; fileRef = F0B690A12B90FC7300C0E347 /* HomeViewModel+Test.swift */; };
		F0B690A62B90FCC100C0E347 /* SearchViewModel+Test.swift in Sources */ = {isa = PBXBuildFile; fileRef = F0B690A52B90FCC100C0E347 /* SearchViewModel+Test.swift */; };
		F0B690AB2B90FD3500C0E347 /* MockApiService.swift in Sources */ = {isa = PBXBuildFile; fileRef = F0B690AA2B90FD3500C0E347 /* MockApiService.swift */; };
		F0B690AE2B90FD8900C0E347 /* CharacterList+Mock.swift in Sources */ = {isa = PBXBuildFile; fileRef = F0B690AD2B90FD8900C0E347 /* CharacterList+Mock.swift */; };
		F0D69FD02B7FDB2F00DADABB /* RickMortyAppApp.swift in Sources */ = {isa = PBXBuildFile; fileRef = F0D69FCF2B7FDB2F00DADABB /* RickMortyAppApp.swift */; };
		F0D69FD22B7FDB2F00DADABB /* ContentView.swift in Sources */ = {isa = PBXBuildFile; fileRef = F0D69FD12B7FDB2F00DADABB /* ContentView.swift */; };
		F0D69FD42B7FDB3000DADABB /* Assets.xcassets in Resources */ = {isa = PBXBuildFile; fileRef = F0D69FD32B7FDB3000DADABB /* Assets.xcassets */; };
		F0D69FD72B7FDB3000DADABB /* Preview Assets.xcassets in Resources */ = {isa = PBXBuildFile; fileRef = F0D69FD62B7FDB3000DADABB /* Preview Assets.xcassets */; };
		F0D69FE12B7FDB3000DADABB /* RickMortyAppTests.swift in Sources */ = {isa = PBXBuildFile; fileRef = F0D69FE02B7FDB3000DADABB /* RickMortyAppTests.swift */; };
		F0D69FEB2B7FDB3000DADABB /* RickMortyAppUITests.swift in Sources */ = {isa = PBXBuildFile; fileRef = F0D69FEA2B7FDB3000DADABB /* RickMortyAppUITests.swift */; };
		F0D69FED2B7FDB3000DADABB /* RickMortyAppUITestsLaunchTests.swift in Sources */ = {isa = PBXBuildFile; fileRef = F0D69FEC2B7FDB3000DADABB /* RickMortyAppUITestsLaunchTests.swift */; };
		F0D69FFD2B7FDC5800DADABB /* NSCacheStoreDatasource.swift in Sources */ = {isa = PBXBuildFile; fileRef = F0D69FFC2B7FDC5800DADABB /* NSCacheStoreDatasource.swift */; };
		F0D69FFF2B7FDC7C00DADABB /* NSCacheStore.swift in Sources */ = {isa = PBXBuildFile; fileRef = F0D69FFE2B7FDC7C00DADABB /* NSCacheStore.swift */; };
		F0D6A0022B7FDCB300DADABB /* BaseRemote+URL.swift in Sources */ = {isa = PBXBuildFile; fileRef = F0D6A0012B7FDCB300DADABB /* BaseRemote+URL.swift */; };
		F0D6A0052B7FDD0400DADABB /* App+Error.swift in Sources */ = {isa = PBXBuildFile; fileRef = F0D6A0042B7FDD0400DADABB /* App+Error.swift */; };
		F0D6A0082B7FDD2700DADABB /* Api+Service.swift in Sources */ = {isa = PBXBuildFile; fileRef = F0D6A0072B7FDD2700DADABB /* Api+Service.swift */; };
		F0D6A0102B7FDDAD00DADABB /* Character+Repository.swift in Sources */ = {isa = PBXBuildFile; fileRef = F0D6A00F2B7FDDAD00DADABB /* Character+Repository.swift */; };
		F0D6A0132B7FDDD900DADABB /* CharacterList+Response.swift in Sources */ = {isa = PBXBuildFile; fileRef = F0D6A0122B7FDDD900DADABB /* CharacterList+Response.swift */; };
		F0D6A0162B7FDE2000DADABB /* Character+UseCase.swift in Sources */ = {isa = PBXBuildFile; fileRef = F0D6A0152B7FDE2000DADABB /* Character+UseCase.swift */; };
		F0D6A0192B7FDE4800DADABB /* CharacterListBusinessModel.swift in Sources */ = {isa = PBXBuildFile; fileRef = F0D6A0182B7FDE4800DADABB /* CharacterListBusinessModel.swift */; };
/* End PBXBuildFile section */

/* Begin PBXContainerItemProxy section */
		F0D69FDD2B7FDB3000DADABB /* PBXContainerItemProxy */ = {
			isa = PBXContainerItemProxy;
			containerPortal = F0D69FC42B7FDB2E00DADABB /* Project object */;
			proxyType = 1;
			remoteGlobalIDString = F0D69FCB2B7FDB2E00DADABB;
			remoteInfo = RickMortyApp;
		};
		F0D69FE72B7FDB3000DADABB /* PBXContainerItemProxy */ = {
			isa = PBXContainerItemProxy;
			containerPortal = F0D69FC42B7FDB2E00DADABB /* Project object */;
			proxyType = 1;
			remoteGlobalIDString = F0D69FCB2B7FDB2E00DADABB;
			remoteInfo = RickMortyApp;
		};
/* End PBXContainerItemProxy section */

/* Begin PBXFileReference section */
		F0B6905E2B90F35700C0E347 /* AsyncImage+View.swift */ = {isa = PBXFileReference; lastKnownFileType = sourcecode.swift; path = "AsyncImage+View.swift"; sourceTree = "<group>"; };
		F0B690602B90F36F00C0E347 /* ListRow+View.swift */ = {isa = PBXFileReference; lastKnownFileType = sourcecode.swift; path = "ListRow+View.swift"; sourceTree = "<group>"; };
		F0B690642B90F3B900C0E347 /* Circular+View.swift */ = {isa = PBXFileReference; lastKnownFileType = sourcecode.swift; path = "Circular+View.swift"; sourceTree = "<group>"; };
		F0B690662B90F3D900C0E347 /* SectionRow+View.swift */ = {isa = PBXFileReference; lastKnownFileType = sourcecode.swift; path = "SectionRow+View.swift"; sourceTree = "<group>"; };
		F0B690682B90F40300C0E347 /* NavigationBar+View.swift */ = {isa = PBXFileReference; lastKnownFileType = sourcecode.swift; path = "NavigationBar+View.swift"; sourceTree = "<group>"; };
		F0B6906B2B90F50700C0E347 /* BackgroundStyle+Modifier.swift */ = {isa = PBXFileReference; lastKnownFileType = sourcecode.swift; path = "BackgroundStyle+Modifier.swift"; sourceTree = "<group>"; };
		F0B6906D2B90F54100C0E347 /* BackgroundColor+Modifier.swift */ = {isa = PBXFileReference; lastKnownFileType = sourcecode.swift; path = "BackgroundColor+Modifier.swift"; sourceTree = "<group>"; };
		F0B6906F2B90F57F00C0E347 /* AnimatableFont+Modifier.swift */ = {isa = PBXFileReference; lastKnownFileType = sourcecode.swift; path = "AnimatableFont+Modifier.swift"; sourceTree = "<group>"; };
		F0B690722B90F5D400C0E347 /* ScrollPreferenceKey.swift */ = {isa = PBXFileReference; lastKnownFileType = sourcecode.swift; path = ScrollPreferenceKey.swift; sourceTree = "<group>"; };
		F0B690782B90F65500C0E347 /* HomeView+Components.swift */ = {isa = PBXFileReference; lastKnownFileType = sourcecode.swift; path = "HomeView+Components.swift"; sourceTree = "<group>"; };
		F0B6907A2B90F68D00C0E347 /* Home+View.swift */ = {isa = PBXFileReference; lastKnownFileType = sourcecode.swift; path = "Home+View.swift"; sourceTree = "<group>"; };
		F0B6907D2B90F6D600C0E347 /* Home+ViewModel.swift */ = {isa = PBXFileReference; lastKnownFileType = sourcecode.swift; path = "Home+ViewModel.swift"; sourceTree = "<group>"; };
		F0B690812B90F74D00C0E347 /* CharacterDetail+View.swift */ = {isa = PBXFileReference; lastKnownFileType = sourcecode.swift; path = "CharacterDetail+View.swift"; sourceTree = "<group>"; };
		F0B690862B90F7E700C0E347 /* Search+View.swift */ = {isa = PBXFileReference; lastKnownFileType = sourcecode.swift; path = "Search+View.swift"; sourceTree = "<group>"; };
		F0B690882B90F83D00C0E347 /* SearchResults+Modifier.swift */ = {isa = PBXFileReference; lastKnownFileType = sourcecode.swift; path = "SearchResults+Modifier.swift"; sourceTree = "<group>"; };
		F0B6908B2B90F89D00C0E347 /* SearchView+Components.swift */ = {isa = PBXFileReference; lastKnownFileType = sourcecode.swift; path = "SearchView+Components.swift"; sourceTree = "<group>"; };
		F0B690912B90F94E00C0E347 /* Search+ViewModel.swift */ = {isa = PBXFileReference; lastKnownFileType = sourcecode.swift; path = "Search+ViewModel.swift"; sourceTree = "<group>"; };
		F0B690942B90F9B200C0E347 /* Router.swift */ = {isa = PBXFileReference; lastKnownFileType = sourcecode.swift; path = Router.swift; sourceTree = "<group>"; };
		F0B690992B90FB8E00C0E347 /* CharacterRepositoryTest.swift */ = {isa = PBXFileReference; lastKnownFileType = sourcecode.swift; path = CharacterRepositoryTest.swift; sourceTree = "<group>"; };
		F0B6909C2B90FBE100C0E347 /* CharacterUseCaseTest.swift */ = {isa = PBXFileReference; lastKnownFileType = sourcecode.swift; path = CharacterUseCaseTest.swift; sourceTree = "<group>"; };
		F0B690A12B90FC7300C0E347 /* HomeViewModel+Test.swift */ = {isa = PBXFileReference; lastKnownFileType = sourcecode.swift; path = "HomeViewModel+Test.swift"; sourceTree = "<group>"; };
		F0B690A52B90FCC100C0E347 /* SearchViewModel+Test.swift */ = {isa = PBXFileReference; lastKnownFileType = sourcecode.swift; path = "SearchViewModel+Test.swift"; sourceTree = "<group>"; };
		F0B690AA2B90FD3500C0E347 /* MockApiService.swift */ = {isa = PBXFileReference; lastKnownFileType = sourcecode.swift; path = MockApiService.swift; sourceTree = "<group>"; };
		F0B690AD2B90FD8900C0E347 /* CharacterList+Mock.swift */ = {isa = PBXFileReference; lastKnownFileType = sourcecode.swift; path = "CharacterList+Mock.swift"; sourceTree = "<group>"; };
		F0D69FCC2B7FDB2F00DADABB /* RickMortyApp.app */ = {isa = PBXFileReference; explicitFileType = wrapper.application; includeInIndex = 0; path = RickMortyApp.app; sourceTree = BUILT_PRODUCTS_DIR; };
		F0D69FCF2B7FDB2F00DADABB /* RickMortyAppApp.swift */ = {isa = PBXFileReference; lastKnownFileType = sourcecode.swift; path = RickMortyAppApp.swift; sourceTree = "<group>"; };
		F0D69FD12B7FDB2F00DADABB /* ContentView.swift */ = {isa = PBXFileReference; lastKnownFileType = sourcecode.swift; path = ContentView.swift; sourceTree = "<group>"; };
		F0D69FD32B7FDB3000DADABB /* Assets.xcassets */ = {isa = PBXFileReference; lastKnownFileType = folder.assetcatalog; path = Assets.xcassets; sourceTree = "<group>"; };
		F0D69FD62B7FDB3000DADABB /* Preview Assets.xcassets */ = {isa = PBXFileReference; lastKnownFileType = folder.assetcatalog; path = "Preview Assets.xcassets"; sourceTree = "<group>"; };
		F0D69FDC2B7FDB3000DADABB /* RickMortyAppTests.xctest */ = {isa = PBXFileReference; explicitFileType = wrapper.cfbundle; includeInIndex = 0; path = RickMortyAppTests.xctest; sourceTree = BUILT_PRODUCTS_DIR; };
		F0D69FE02B7FDB3000DADABB /* RickMortyAppTests.swift */ = {isa = PBXFileReference; lastKnownFileType = sourcecode.swift; path = RickMortyAppTests.swift; sourceTree = "<group>"; };
		F0D69FE62B7FDB3000DADABB /* RickMortyAppUITests.xctest */ = {isa = PBXFileReference; explicitFileType = wrapper.cfbundle; includeInIndex = 0; path = RickMortyAppUITests.xctest; sourceTree = BUILT_PRODUCTS_DIR; };
		F0D69FEA2B7FDB3000DADABB /* RickMortyAppUITests.swift */ = {isa = PBXFileReference; lastKnownFileType = sourcecode.swift; path = RickMortyAppUITests.swift; sourceTree = "<group>"; };
		F0D69FEC2B7FDB3000DADABB /* RickMortyAppUITestsLaunchTests.swift */ = {isa = PBXFileReference; lastKnownFileType = sourcecode.swift; path = RickMortyAppUITestsLaunchTests.swift; sourceTree = "<group>"; };
		F0D69FFC2B7FDC5800DADABB /* NSCacheStoreDatasource.swift */ = {isa = PBXFileReference; lastKnownFileType = sourcecode.swift; path = NSCacheStoreDatasource.swift; sourceTree = "<group>"; };
		F0D69FFE2B7FDC7C00DADABB /* NSCacheStore.swift */ = {isa = PBXFileReference; lastKnownFileType = sourcecode.swift; path = NSCacheStore.swift; sourceTree = "<group>"; };
		F0D6A0012B7FDCB300DADABB /* BaseRemote+URL.swift */ = {isa = PBXFileReference; lastKnownFileType = sourcecode.swift; path = "BaseRemote+URL.swift"; sourceTree = "<group>"; };
		F0D6A0042B7FDD0400DADABB /* App+Error.swift */ = {isa = PBXFileReference; lastKnownFileType = sourcecode.swift; path = "App+Error.swift"; sourceTree = "<group>"; };
		F0D6A0072B7FDD2700DADABB /* Api+Service.swift */ = {isa = PBXFileReference; lastKnownFileType = sourcecode.swift; path = "Api+Service.swift"; sourceTree = "<group>"; };
		F0D6A00F2B7FDDAD00DADABB /* Character+Repository.swift */ = {isa = PBXFileReference; lastKnownFileType = sourcecode.swift; path = "Character+Repository.swift"; sourceTree = "<group>"; };
		F0D6A0122B7FDDD900DADABB /* CharacterList+Response.swift */ = {isa = PBXFileReference; lastKnownFileType = sourcecode.swift; path = "CharacterList+Response.swift"; sourceTree = "<group>"; };
		F0D6A0152B7FDE2000DADABB /* Character+UseCase.swift */ = {isa = PBXFileReference; lastKnownFileType = sourcecode.swift; path = "Character+UseCase.swift"; sourceTree = "<group>"; };
		F0D6A0182B7FDE4800DADABB /* CharacterListBusinessModel.swift */ = {isa = PBXFileReference; lastKnownFileType = sourcecode.swift; path = CharacterListBusinessModel.swift; sourceTree = "<group>"; };
/* End PBXFileReference section */

/* Begin PBXFrameworksBuildPhase section */
		F0D69FC92B7FDB2E00DADABB /* Frameworks */ = {
			isa = PBXFrameworksBuildPhase;
			buildActionMask = 2147483647;
			files = (
			);
			runOnlyForDeploymentPostprocessing = 0;
		};
		F0D69FD92B7FDB3000DADABB /* Frameworks */ = {
			isa = PBXFrameworksBuildPhase;
			buildActionMask = 2147483647;
			files = (
			);
			runOnlyForDeploymentPostprocessing = 0;
		};
		F0D69FE32B7FDB3000DADABB /* Frameworks */ = {
			isa = PBXFrameworksBuildPhase;
			buildActionMask = 2147483647;
			files = (
			);
			runOnlyForDeploymentPostprocessing = 0;
		};
/* End PBXFrameworksBuildPhase section */

/* Begin PBXGroup section */
		F0B6905D2B90F2B900C0E347 /* Components */ = {
			isa = PBXGroup;
			children = (
				F0B690632B90F38700C0E347 /* SectionRowView */,
				F0B690622B90F37800C0E347 /* NavigationBarView */,
				F0B6905E2B90F35700C0E347 /* AsyncImage+View.swift */,
				F0B690602B90F36F00C0E347 /* ListRow+View.swift */,
			);
			path = Components;
			sourceTree = "<group>";
		};
		F0B690622B90F37800C0E347 /* NavigationBarView */ = {
			isa = PBXGroup;
			children = (
				F0B690682B90F40300C0E347 /* NavigationBar+View.swift */,
			);
			path = NavigationBarView;
			sourceTree = "<group>";
		};
		F0B690632B90F38700C0E347 /* SectionRowView */ = {
			isa = PBXGroup;
			children = (
				F0B690642B90F3B900C0E347 /* Circular+View.swift */,
				F0B690662B90F3D900C0E347 /* SectionRow+View.swift */,
			);
			path = SectionRowView;
			sourceTree = "<group>";
		};
		F0B6906A2B90F4E200C0E347 /* Modifiers */ = {
			isa = PBXGroup;
			children = (
				F0B6906B2B90F50700C0E347 /* BackgroundStyle+Modifier.swift */,
				F0B6906D2B90F54100C0E347 /* BackgroundColor+Modifier.swift */,
				F0B6906F2B90F57F00C0E347 /* AnimatableFont+Modifier.swift */,
			);
			path = Modifiers;
			sourceTree = "<group>";
		};
		F0B690712B90F5B300C0E347 /* PreferenceKey */ = {
			isa = PBXGroup;
			children = (
				F0B690722B90F5D400C0E347 /* ScrollPreferenceKey.swift */,
			);
			path = PreferenceKey;
			sourceTree = "<group>";
		};
		F0B690742B90F61200C0E347 /* Views */ = {
			isa = PBXGroup;
			children = (
				F0B690832B90F76A00C0E347 /* Search */,
				F0B6907F2B90F70B00C0E347 /* CharacterDetail */,
				F0B690752B90F61E00C0E347 /* Home */,
			);
			path = Views;
			sourceTree = "<group>";
		};
		F0B690752B90F61E00C0E347 /* Home */ = {
			isa = PBXGroup;
			children = (
				F0B6907C2B90F6B400C0E347 /* ViewModel */,
				F0B690762B90F62C00C0E347 /* View */,
			);
			path = Home;
			sourceTree = "<group>";
		};
		F0B690762B90F62C00C0E347 /* View */ = {
			isa = PBXGroup;
			children = (
				F0B690772B90F63800C0E347 /* Components */,
				F0B6907A2B90F68D00C0E347 /* Home+View.swift */,
			);
			path = View;
			sourceTree = "<group>";
		};
		F0B690772B90F63800C0E347 /* Components */ = {
			isa = PBXGroup;
			children = (
				F0B690782B90F65500C0E347 /* HomeView+Components.swift */,
			);
			path = Components;
			sourceTree = "<group>";
		};
		F0B6907C2B90F6B400C0E347 /* ViewModel */ = {
			isa = PBXGroup;
			children = (
				F0B6907D2B90F6D600C0E347 /* Home+ViewModel.swift */,
			);
			path = ViewModel;
			sourceTree = "<group>";
		};
		F0B6907F2B90F70B00C0E347 /* CharacterDetail */ = {
			isa = PBXGroup;
			children = (
				F0B690802B90F72A00C0E347 /* View */,
			);
			path = CharacterDetail;
			sourceTree = "<group>";
		};
		F0B690802B90F72A00C0E347 /* View */ = {
			isa = PBXGroup;
			children = (
				F0B690812B90F74D00C0E347 /* CharacterDetail+View.swift */,
			);
			path = View;
			sourceTree = "<group>";
		};
		F0B690832B90F76A00C0E347 /* Search */ = {
			isa = PBXGroup;
			children = (
				F0B690902B90F93000C0E347 /* ViewModel */,
				F0B690842B90F77800C0E347 /* View */,
			);
			path = Search;
			sourceTree = "<group>";
		};
		F0B690842B90F77800C0E347 /* View */ = {
			isa = PBXGroup;
			children = (
				F0B6908A2B90F87000C0E347 /* Components */,
				F0B690852B90F78400C0E347 /* Modifiers */,
				F0B690862B90F7E700C0E347 /* Search+View.swift */,
			);
			path = View;
			sourceTree = "<group>";
		};
		F0B690852B90F78400C0E347 /* Modifiers */ = {
			isa = PBXGroup;
			children = (
				F0B690882B90F83D00C0E347 /* SearchResults+Modifier.swift */,
			);
			path = Modifiers;
			sourceTree = "<group>";
		};
		F0B6908A2B90F87000C0E347 /* Components */ = {
			isa = PBXGroup;
			children = (
				F0B6908B2B90F89D00C0E347 /* SearchView+Components.swift */,
			);
			path = Components;
			sourceTree = "<group>";
		};
		F0B690902B90F93000C0E347 /* ViewModel */ = {
			isa = PBXGroup;
			children = (
				F0B690912B90F94E00C0E347 /* Search+ViewModel.swift */,
			);
			path = ViewModel;
			sourceTree = "<group>";
		};
		F0B690932B90F98F00C0E347 /* Router */ = {
			isa = PBXGroup;
			children = (
				F0B690942B90F9B200C0E347 /* Router.swift */,
			);
			path = Router;
			sourceTree = "<group>";
		};
		F0B690962B90FB2B00C0E347 /* Features */ = {
			isa = PBXGroup;
			children = (
				F0B6909E2B90FC2000C0E347 /* Presentation */,
				F0B6909B2B90FBBA00C0E347 /* Domain */,
				F0B690972B90FB3D00C0E347 /* Data */,
			);
			path = Features;
			sourceTree = "<group>";
		};
		F0B690972B90FB3D00C0E347 /* Data */ = {
			isa = PBXGroup;
			children = (
				F0B690982B90FB6000C0E347 /* CharacterReposiitory */,
			);
			path = Data;
			sourceTree = "<group>";
		};
		F0B690982B90FB6000C0E347 /* CharacterReposiitory */ = {
			isa = PBXGroup;
			children = (
				F0B690992B90FB8E00C0E347 /* CharacterRepositoryTest.swift */,
			);
			path = CharacterReposiitory;
			sourceTree = "<group>";
		};
		F0B6909B2B90FBBA00C0E347 /* Domain */ = {
			isa = PBXGroup;
			children = (
				F0B6909C2B90FBE100C0E347 /* CharacterUseCaseTest.swift */,
			);
			path = Domain;
			sourceTree = "<group>";
		};
		F0B6909E2B90FC2000C0E347 /* Presentation */ = {
			isa = PBXGroup;
			children = (
				F0B690A32B90FC9500C0E347 /* Search */,
				F0B6909F2B90FC2D00C0E347 /* Home */,
			);
			path = Presentation;
			sourceTree = "<group>";
		};
		F0B6909F2B90FC2D00C0E347 /* Home */ = {
			isa = PBXGroup;
			children = (
				F0B690A02B90FC3700C0E347 /* ViewModel */,
			);
			path = Home;
			sourceTree = "<group>";
		};
		F0B690A02B90FC3700C0E347 /* ViewModel */ = {
			isa = PBXGroup;
			children = (
				F0B690A12B90FC7300C0E347 /* HomeViewModel+Test.swift */,
			);
			path = ViewModel;
			sourceTree = "<group>";
		};
		F0B690A32B90FC9500C0E347 /* Search */ = {
			isa = PBXGroup;
			children = (
				F0B690A42B90FCA300C0E347 /* ViewModel */,
			);
			path = Search;
			sourceTree = "<group>";
		};
		F0B690A42B90FCA300C0E347 /* ViewModel */ = {
			isa = PBXGroup;
			children = (
				F0B690A52B90FCC100C0E347 /* SearchViewModel+Test.swift */,
			);
			path = ViewModel;
			sourceTree = "<group>";
		};
		F0B690A72B90FCFB00C0E347 /* Fakes */ = {
			isa = PBXGroup;
			children = (
				F0B690AC2B90FD6B00C0E347 /* RawData */,
				F0B690A82B90FD0600C0E347 /* Base */,
			);
			path = Fakes;
			sourceTree = "<group>";
		};
		F0B690A82B90FD0600C0E347 /* Base */ = {
			isa = PBXGroup;
			children = (
				F0B690A92B90FD1100C0E347 /* MockApiService */,
			);
			path = Base;
			sourceTree = "<group>";
		};
		F0B690A92B90FD1100C0E347 /* MockApiService */ = {
			isa = PBXGroup;
			children = (
				F0B690AA2B90FD3500C0E347 /* MockApiService.swift */,
			);
			path = MockApiService;
			sourceTree = "<group>";
		};
		F0B690AC2B90FD6B00C0E347 /* RawData */ = {
			isa = PBXGroup;
			children = (
				F0B690AD2B90FD8900C0E347 /* CharacterList+Mock.swift */,
			);
			path = RawData;
			sourceTree = "<group>";
		};
		F0D69FC32B7FDB2E00DADABB = {
			isa = PBXGroup;
			children = (
				F0D69FCE2B7FDB2F00DADABB /* RickMortyApp */,
				F0D69FDF2B7FDB3000DADABB /* RickMortyAppTests */,
				F0D69FE92B7FDB3000DADABB /* RickMortyAppUITests */,
				F0D69FCD2B7FDB2F00DADABB /* Products */,
			);
			sourceTree = "<group>";
		};
		F0D69FCD2B7FDB2F00DADABB /* Products */ = {
			isa = PBXGroup;
			children = (
				F0D69FCC2B7FDB2F00DADABB /* RickMortyApp.app */,
				F0D69FDC2B7FDB3000DADABB /* RickMortyAppTests.xctest */,
				F0D69FE62B7FDB3000DADABB /* RickMortyAppUITests.xctest */,
			);
			name = Products;
			sourceTree = "<group>";
		};
		F0D69FCE2B7FDB2F00DADABB /* RickMortyApp */ = {
			isa = PBXGroup;
			children = (
				F0D6A0092B7FDD6500DADABB /* Features */,
				F0D69FF92B7FDBE600DADABB /* Base */,
				F0D69FCF2B7FDB2F00DADABB /* RickMortyAppApp.swift */,
				F0D69FD12B7FDB2F00DADABB /* ContentView.swift */,
				F0D69FD32B7FDB3000DADABB /* Assets.xcassets */,
				F0D69FD52B7FDB3000DADABB /* Preview Content */,
			);
			path = RickMortyApp;
			sourceTree = "<group>";
		};
		F0D69FD52B7FDB3000DADABB /* Preview Content */ = {
			isa = PBXGroup;
			children = (
				F0D69FD62B7FDB3000DADABB /* Preview Assets.xcassets */,
			);
			path = "Preview Content";
			sourceTree = "<group>";
		};
		F0D69FDF2B7FDB3000DADABB /* RickMortyAppTests */ = {
			isa = PBXGroup;
			children = (
				F0B690A72B90FCFB00C0E347 /* Fakes */,
				F0B690962B90FB2B00C0E347 /* Features */,
				F0D69FE02B7FDB3000DADABB /* RickMortyAppTests.swift */,
			);
			path = RickMortyAppTests;
			sourceTree = "<group>";
		};
		F0D69FE92B7FDB3000DADABB /* RickMortyAppUITests */ = {
			isa = PBXGroup;
			children = (
				F0D69FEA2B7FDB3000DADABB /* RickMortyAppUITests.swift */,
				F0D69FEC2B7FDB3000DADABB /* RickMortyAppUITestsLaunchTests.swift */,
			);
			path = RickMortyAppUITests;
			sourceTree = "<group>";
		};
		F0D69FF92B7FDBE600DADABB /* Base */ = {
			isa = PBXGroup;
			children = (
				F0D69FFA2B7FDBFC00DADABB /* Cache */,
				F0D6A0002B7FDC9800DADABB /* RemoteURL */,
				F0D6A0032B7FDCF100DADABB /* Error */,
				F0D6A0062B7FDD1600DADABB /* ApiService */,
			);
			path = Base;
			sourceTree = "<group>";
		};
		F0D69FFA2B7FDBFC00DADABB /* Cache */ = {
			isa = PBXGroup;
			children = (
				F0D69FFB2B7FDC1400DADABB /* NSCacheStore */,
			);
			path = Cache;
			sourceTree = "<group>";
		};
		F0D69FFB2B7FDC1400DADABB /* NSCacheStore */ = {
			isa = PBXGroup;
			children = (
				F0D69FFC2B7FDC5800DADABB /* NSCacheStoreDatasource.swift */,
				F0D69FFE2B7FDC7C00DADABB /* NSCacheStore.swift */,
			);
			path = NSCacheStore;
			sourceTree = "<group>";
		};
		F0D6A0002B7FDC9800DADABB /* RemoteURL */ = {
			isa = PBXGroup;
			children = (
				F0D6A0012B7FDCB300DADABB /* BaseRemote+URL.swift */,
			);
			path = RemoteURL;
			sourceTree = "<group>";
		};
		F0D6A0032B7FDCF100DADABB /* Error */ = {
			isa = PBXGroup;
			children = (
				F0D6A0042B7FDD0400DADABB /* App+Error.swift */,
			);
			path = Error;
			sourceTree = "<group>";
		};
		F0D6A0062B7FDD1600DADABB /* ApiService */ = {
			isa = PBXGroup;
			children = (
				F0D6A0072B7FDD2700DADABB /* Api+Service.swift */,
			);
			path = ApiService;
			sourceTree = "<group>";
		};
		F0D6A0092B7FDD6500DADABB /* Features */ = {
			isa = PBXGroup;
			children = (
				F0D6A00C2B7FDD7B00DADABB /* Data */,
				F0D6A00B2B7FDD7500DADABB /* Domain */,
				F0D6A00A2B7FDD6D00DADABB /* Presentation */,
			);
			path = Features;
			sourceTree = "<group>";
		};
		F0D6A00A2B7FDD6D00DADABB /* Presentation */ = {
			isa = PBXGroup;
			children = (
				F0B690932B90F98F00C0E347 /* Router */,
				F0B690742B90F61200C0E347 /* Views */,
				F0B690712B90F5B300C0E347 /* PreferenceKey */,
				F0B6906A2B90F4E200C0E347 /* Modifiers */,
				F0B6905D2B90F2B900C0E347 /* Components */,
			);
			path = Presentation;
			sourceTree = "<group>";
		};
		F0D6A00B2B7FDD7500DADABB /* Domain */ = {
			isa = PBXGroup;
			children = (
				F0D6A0142B7FDE0800DADABB /* CharacterUseCase */,
			);
			path = Domain;
			sourceTree = "<group>";
		};
		F0D6A00C2B7FDD7B00DADABB /* Data */ = {
			isa = PBXGroup;
			children = (
				F0D6A00D2B7FDD8400DADABB /* Repositories */,
			);
			path = Data;
			sourceTree = "<group>";
		};
		F0D6A00D2B7FDD8400DADABB /* Repositories */ = {
			isa = PBXGroup;
			children = (
				F0D6A00E2B7FDD8E00DADABB /* Character */,
			);
			path = Repositories;
			sourceTree = "<group>";
		};
		F0D6A00E2B7FDD8E00DADABB /* Character */ = {
			isa = PBXGroup;
			children = (
				F0D6A0112B7FDDBF00DADABB /* Responses */,
				F0D6A00F2B7FDDAD00DADABB /* Character+Repository.swift */,
			);
			path = Character;
			sourceTree = "<group>";
		};
		F0D6A0112B7FDDBF00DADABB /* Responses */ = {
			isa = PBXGroup;
			children = (
				F0D6A0122B7FDDD900DADABB /* CharacterList+Response.swift */,
			);
			path = Responses;
			sourceTree = "<group>";
		};
		F0D6A0142B7FDE0800DADABB /* CharacterUseCase */ = {
			isa = PBXGroup;
			children = (
				F0D6A0172B7FDE2F00DADABB /* BusinessModel */,
				F0D6A0152B7FDE2000DADABB /* Character+UseCase.swift */,
			);
			path = CharacterUseCase;
			sourceTree = "<group>";
		};
		F0D6A0172B7FDE2F00DADABB /* BusinessModel */ = {
			isa = PBXGroup;
			children = (
				F0D6A0182B7FDE4800DADABB /* CharacterListBusinessModel.swift */,
			);
			path = BusinessModel;
			sourceTree = "<group>";
		};
/* End PBXGroup section */

/* Begin PBXNativeTarget section */
		F0D69FCB2B7FDB2E00DADABB /* RickMortyApp */ = {
			isa = PBXNativeTarget;
			buildConfigurationList = F0D69FF02B7FDB3000DADABB /* Build configuration list for PBXNativeTarget "RickMortyApp" */;
			buildPhases = (
				F0D69FC82B7FDB2E00DADABB /* Sources */,
				F0D69FC92B7FDB2E00DADABB /* Frameworks */,
				F0D69FCA2B7FDB2E00DADABB /* Resources */,
			);
			buildRules = (
			);
			dependencies = (
			);
			name = RickMortyApp;
			productName = RickMortyApp;
			productReference = F0D69FCC2B7FDB2F00DADABB /* RickMortyApp.app */;
			productType = "com.apple.product-type.application";
		};
		F0D69FDB2B7FDB3000DADABB /* RickMortyAppTests */ = {
			isa = PBXNativeTarget;
			buildConfigurationList = F0D69FF32B7FDB3000DADABB /* Build configuration list for PBXNativeTarget "RickMortyAppTests" */;
			buildPhases = (
				F0D69FD82B7FDB3000DADABB /* Sources */,
				F0D69FD92B7FDB3000DADABB /* Frameworks */,
				F0D69FDA2B7FDB3000DADABB /* Resources */,
			);
			buildRules = (
			);
			dependencies = (
				F0D69FDE2B7FDB3000DADABB /* PBXTargetDependency */,
			);
			name = RickMortyAppTests;
			productName = RickMortyAppTests;
			productReference = F0D69FDC2B7FDB3000DADABB /* RickMortyAppTests.xctest */;
			productType = "com.apple.product-type.bundle.unit-test";
		};
		F0D69FE52B7FDB3000DADABB /* RickMortyAppUITests */ = {
			isa = PBXNativeTarget;
			buildConfigurationList = F0D69FF62B7FDB3000DADABB /* Build configuration list for PBXNativeTarget "RickMortyAppUITests" */;
			buildPhases = (
				F0D69FE22B7FDB3000DADABB /* Sources */,
				F0D69FE32B7FDB3000DADABB /* Frameworks */,
				F0D69FE42B7FDB3000DADABB /* Resources */,
			);
			buildRules = (
			);
			dependencies = (
				F0D69FE82B7FDB3000DADABB /* PBXTargetDependency */,
			);
			name = RickMortyAppUITests;
			productName = RickMortyAppUITests;
			productReference = F0D69FE62B7FDB3000DADABB /* RickMortyAppUITests.xctest */;
			productType = "com.apple.product-type.bundle.ui-testing";
		};
/* End PBXNativeTarget section */

/* Begin PBXProject section */
		F0D69FC42B7FDB2E00DADABB /* Project object */ = {
			isa = PBXProject;
			attributes = {
				BuildIndependentTargetsInParallel = 1;
				LastSwiftUpdateCheck = 1520;
				LastUpgradeCheck = 1520;
				TargetAttributes = {
					F0D69FCB2B7FDB2E00DADABB = {
						CreatedOnToolsVersion = 15.2;
					};
					F0D69FDB2B7FDB3000DADABB = {
						CreatedOnToolsVersion = 15.2;
						TestTargetID = F0D69FCB2B7FDB2E00DADABB;
					};
					F0D69FE52B7FDB3000DADABB = {
						CreatedOnToolsVersion = 15.2;
						TestTargetID = F0D69FCB2B7FDB2E00DADABB;
					};
				};
			};
			buildConfigurationList = F0D69FC72B7FDB2E00DADABB /* Build configuration list for PBXProject "RickMortyApp" */;
			compatibilityVersion = "Xcode 14.0";
			developmentRegion = en;
			hasScannedForEncodings = 0;
			knownRegions = (
				en,
				Base,
			);
			mainGroup = F0D69FC32B7FDB2E00DADABB;
			productRefGroup = F0D69FCD2B7FDB2F00DADABB /* Products */;
			projectDirPath = "";
			projectRoot = "";
			targets = (
				F0D69FCB2B7FDB2E00DADABB /* RickMortyApp */,
				F0D69FDB2B7FDB3000DADABB /* RickMortyAppTests */,
				F0D69FE52B7FDB3000DADABB /* RickMortyAppUITests */,
			);
		};
/* End PBXProject section */

/* Begin PBXResourcesBuildPhase section */
		F0D69FCA2B7FDB2E00DADABB /* Resources */ = {
			isa = PBXResourcesBuildPhase;
			buildActionMask = 2147483647;
			files = (
				F0D69FD72B7FDB3000DADABB /* Preview Assets.xcassets in Resources */,
				F0D69FD42B7FDB3000DADABB /* Assets.xcassets in Resources */,
			);
			runOnlyForDeploymentPostprocessing = 0;
		};
		F0D69FDA2B7FDB3000DADABB /* Resources */ = {
			isa = PBXResourcesBuildPhase;
			buildActionMask = 2147483647;
			files = (
			);
			runOnlyForDeploymentPostprocessing = 0;
		};
		F0D69FE42B7FDB3000DADABB /* Resources */ = {
			isa = PBXResourcesBuildPhase;
			buildActionMask = 2147483647;
			files = (
			);
			runOnlyForDeploymentPostprocessing = 0;
		};
/* End PBXResourcesBuildPhase section */

/* Begin PBXSourcesBuildPhase section */
		F0D69FC82B7FDB2E00DADABB /* Sources */ = {
			isa = PBXSourcesBuildPhase;
			buildActionMask = 2147483647;
			files = (
				F0B6906C2B90F50700C0E347 /* BackgroundStyle+Modifier.swift in Sources */,
				F0B690612B90F36F00C0E347 /* ListRow+View.swift in Sources */,
				F0D6A0052B7FDD0400DADABB /* App+Error.swift in Sources */,
				F0D69FD22B7FDB2F00DADABB /* ContentView.swift in Sources */,
				F0D69FFD2B7FDC5800DADABB /* NSCacheStoreDatasource.swift in Sources */,
				F0D6A0192B7FDE4800DADABB /* CharacterListBusinessModel.swift in Sources */,
				F0B690652B90F3B900C0E347 /* Circular+View.swift in Sources */,
				F0D6A0132B7FDDD900DADABB /* CharacterList+Response.swift in Sources */,
				F0B6906E2B90F54100C0E347 /* BackgroundColor+Modifier.swift in Sources */,
				F0B690892B90F83D00C0E347 /* SearchResults+Modifier.swift in Sources */,
				F0D6A0082B7FDD2700DADABB /* Api+Service.swift in Sources */,
				F0D6A0162B7FDE2000DADABB /* Character+UseCase.swift in Sources */,
				F0B690872B90F7E700C0E347 /* Search+View.swift in Sources */,
				F0B690792B90F65500C0E347 /* HomeView+Components.swift in Sources */,
				F0D69FD02B7FDB2F00DADABB /* RickMortyAppApp.swift in Sources */,
				F0D6A0102B7FDDAD00DADABB /* Character+Repository.swift in Sources */,
				F0D69FFF2B7FDC7C00DADABB /* NSCacheStore.swift in Sources */,
				F0D6A0022B7FDCB300DADABB /* BaseRemote+URL.swift in Sources */,
				F0B690922B90F94E00C0E347 /* Search+ViewModel.swift in Sources */,
				F0B690672B90F3D900C0E347 /* SectionRow+View.swift in Sources */,
				F0B6908C2B90F89D00C0E347 /* SearchView+Components.swift in Sources */,
				F0B690952B90F9B200C0E347 /* Router.swift in Sources */,
				F0B690702B90F57F00C0E347 /* AnimatableFont+Modifier.swift in Sources */,
				F0B690692B90F40300C0E347 /* NavigationBar+View.swift in Sources */,
				F0B690822B90F74D00C0E347 /* CharacterDetail+View.swift in Sources */,
				F0B6907E2B90F6D600C0E347 /* Home+ViewModel.swift in Sources */,
				F0B6907B2B90F68D00C0E347 /* Home+View.swift in Sources */,
				F0B6905F2B90F35700C0E347 /* AsyncImage+View.swift in Sources */,
				F0B690732B90F5D400C0E347 /* ScrollPreferenceKey.swift in Sources */,
			);
			runOnlyForDeploymentPostprocessing = 0;
		};
		F0D69FD82B7FDB3000DADABB /* Sources */ = {
			isa = PBXSourcesBuildPhase;
			buildActionMask = 2147483647;
			files = (
				F0B690AE2B90FD8900C0E347 /* CharacterList+Mock.swift in Sources */,
				F0B690AB2B90FD3500C0E347 /* MockApiService.swift in Sources */,
				F0B6909D2B90FBE100C0E347 /* CharacterUseCaseTest.swift in Sources */,
				F0D69FE12B7FDB3000DADABB /* RickMortyAppTests.swift in Sources */,
				F0B6909A2B90FB8E00C0E347 /* CharacterRepositoryTest.swift in Sources */,
				F0B690A22B90FC7300C0E347 /* HomeViewModel+Test.swift in Sources */,
				F0B690A62B90FCC100C0E347 /* SearchViewModel+Test.swift in Sources */,
			);
			runOnlyForDeploymentPostprocessing = 0;
		};
		F0D69FE22B7FDB3000DADABB /* Sources */ = {
			isa = PBXSourcesBuildPhase;
			buildActionMask = 2147483647;
			files = (
				F0D69FEB2B7FDB3000DADABB /* RickMortyAppUITests.swift in Sources */,
				F0D69FED2B7FDB3000DADABB /* RickMortyAppUITestsLaunchTests.swift in Sources */,
			);
			runOnlyForDeploymentPostprocessing = 0;
		};
/* End PBXSourcesBuildPhase section */

/* Begin PBXTargetDependency section */
		F0D69FDE2B7FDB3000DADABB /* PBXTargetDependency */ = {
			isa = PBXTargetDependency;
			target = F0D69FCB2B7FDB2E00DADABB /* RickMortyApp */;
			targetProxy = F0D69FDD2B7FDB3000DADABB /* PBXContainerItemProxy */;
		};
		F0D69FE82B7FDB3000DADABB /* PBXTargetDependency */ = {
			isa = PBXTargetDependency;
			target = F0D69FCB2B7FDB2E00DADABB /* RickMortyApp */;
			targetProxy = F0D69FE72B7FDB3000DADABB /* PBXContainerItemProxy */;
		};
/* End PBXTargetDependency section */

/* Begin XCBuildConfiguration section */
		F0D69FEE2B7FDB3000DADABB /* Debug */ = {
			isa = XCBuildConfiguration;
			buildSettings = {
				ALWAYS_SEARCH_USER_PATHS = NO;
				ASSETCATALOG_COMPILER_GENERATE_SWIFT_ASSET_SYMBOL_EXTENSIONS = YES;
				CLANG_ANALYZER_NONNULL = YES;
				CLANG_ANALYZER_NUMBER_OBJECT_CONVERSION = YES_AGGRESSIVE;
				CLANG_CXX_LANGUAGE_STANDARD = "gnu++20";
				CLANG_ENABLE_MODULES = YES;
				CLANG_ENABLE_OBJC_ARC = YES;
				CLANG_ENABLE_OBJC_WEAK = YES;
				CLANG_WARN_BLOCK_CAPTURE_AUTORELEASING = YES;
				CLANG_WARN_BOOL_CONVERSION = YES;
				CLANG_WARN_COMMA = YES;
				CLANG_WARN_CONSTANT_CONVERSION = YES;
				CLANG_WARN_DEPRECATED_OBJC_IMPLEMENTATIONS = YES;
				CLANG_WARN_DIRECT_OBJC_ISA_USAGE = YES_ERROR;
				CLANG_WARN_DOCUMENTATION_COMMENTS = YES;
				CLANG_WARN_EMPTY_BODY = YES;
				CLANG_WARN_ENUM_CONVERSION = YES;
				CLANG_WARN_INFINITE_RECURSION = YES;
				CLANG_WARN_INT_CONVERSION = YES;
				CLANG_WARN_NON_LITERAL_NULL_CONVERSION = YES;
				CLANG_WARN_OBJC_IMPLICIT_RETAIN_SELF = YES;
				CLANG_WARN_OBJC_LITERAL_CONVERSION = YES;
				CLANG_WARN_OBJC_ROOT_CLASS = YES_ERROR;
				CLANG_WARN_QUOTED_INCLUDE_IN_FRAMEWORK_HEADER = YES;
				CLANG_WARN_RANGE_LOOP_ANALYSIS = YES;
				CLANG_WARN_STRICT_PROTOTYPES = YES;
				CLANG_WARN_SUSPICIOUS_MOVE = YES;
				CLANG_WARN_UNGUARDED_AVAILABILITY = YES_AGGRESSIVE;
				CLANG_WARN_UNREACHABLE_CODE = YES;
				CLANG_WARN__DUPLICATE_METHOD_MATCH = YES;
				COPY_PHASE_STRIP = NO;
				DEBUG_INFORMATION_FORMAT = dwarf;
				ENABLE_STRICT_OBJC_MSGSEND = YES;
				ENABLE_TESTABILITY = YES;
				ENABLE_USER_SCRIPT_SANDBOXING = YES;
				GCC_C_LANGUAGE_STANDARD = gnu17;
				GCC_DYNAMIC_NO_PIC = NO;
				GCC_NO_COMMON_BLOCKS = YES;
				GCC_OPTIMIZATION_LEVEL = 0;
				GCC_PREPROCESSOR_DEFINITIONS = (
					"DEBUG=1",
					"$(inherited)",
				);
				GCC_WARN_64_TO_32_BIT_CONVERSION = YES;
				GCC_WARN_ABOUT_RETURN_TYPE = YES_ERROR;
				GCC_WARN_UNDECLARED_SELECTOR = YES;
				GCC_WARN_UNINITIALIZED_AUTOS = YES_AGGRESSIVE;
				GCC_WARN_UNUSED_FUNCTION = YES;
				GCC_WARN_UNUSED_VARIABLE = YES;
				IPHONEOS_DEPLOYMENT_TARGET = 17.2;
				LOCALIZATION_PREFERS_STRING_CATALOGS = YES;
				MTL_ENABLE_DEBUG_INFO = INCLUDE_SOURCE;
				MTL_FAST_MATH = YES;
				ONLY_ACTIVE_ARCH = YES;
				SDKROOT = iphoneos;
				SWIFT_ACTIVE_COMPILATION_CONDITIONS = "DEBUG $(inherited)";
				SWIFT_OPTIMIZATION_LEVEL = "-Onone";
			};
			name = Debug;
		};
		F0D69FEF2B7FDB3000DADABB /* Release */ = {
			isa = XCBuildConfiguration;
			buildSettings = {
				ALWAYS_SEARCH_USER_PATHS = NO;
				ASSETCATALOG_COMPILER_GENERATE_SWIFT_ASSET_SYMBOL_EXTENSIONS = YES;
				CLANG_ANALYZER_NONNULL = YES;
				CLANG_ANALYZER_NUMBER_OBJECT_CONVERSION = YES_AGGRESSIVE;
				CLANG_CXX_LANGUAGE_STANDARD = "gnu++20";
				CLANG_ENABLE_MODULES = YES;
				CLANG_ENABLE_OBJC_ARC = YES;
				CLANG_ENABLE_OBJC_WEAK = YES;
				CLANG_WARN_BLOCK_CAPTURE_AUTORELEASING = YES;
				CLANG_WARN_BOOL_CONVERSION = YES;
				CLANG_WARN_COMMA = YES;
				CLANG_WARN_CONSTANT_CONVERSION = YES;
				CLANG_WARN_DEPRECATED_OBJC_IMPLEMENTATIONS = YES;
				CLANG_WARN_DIRECT_OBJC_ISA_USAGE = YES_ERROR;
				CLANG_WARN_DOCUMENTATION_COMMENTS = YES;
				CLANG_WARN_EMPTY_BODY = YES;
				CLANG_WARN_ENUM_CONVERSION = YES;
				CLANG_WARN_INFINITE_RECURSION = YES;
				CLANG_WARN_INT_CONVERSION = YES;
				CLANG_WARN_NON_LITERAL_NULL_CONVERSION = YES;
				CLANG_WARN_OBJC_IMPLICIT_RETAIN_SELF = YES;
				CLANG_WARN_OBJC_LITERAL_CONVERSION = YES;
				CLANG_WARN_OBJC_ROOT_CLASS = YES_ERROR;
				CLANG_WARN_QUOTED_INCLUDE_IN_FRAMEWORK_HEADER = YES;
				CLANG_WARN_RANGE_LOOP_ANALYSIS = YES;
				CLANG_WARN_STRICT_PROTOTYPES = YES;
				CLANG_WARN_SUSPICIOUS_MOVE = YES;
				CLANG_WARN_UNGUARDED_AVAILABILITY = YES_AGGRESSIVE;
				CLANG_WARN_UNREACHABLE_CODE = YES;
				CLANG_WARN__DUPLICATE_METHOD_MATCH = YES;
				COPY_PHASE_STRIP = NO;
				DEBUG_INFORMATION_FORMAT = "dwarf-with-dsym";
				ENABLE_NS_ASSERTIONS = NO;
				ENABLE_STRICT_OBJC_MSGSEND = YES;
				ENABLE_USER_SCRIPT_SANDBOXING = YES;
				GCC_C_LANGUAGE_STANDARD = gnu17;
				GCC_NO_COMMON_BLOCKS = YES;
				GCC_WARN_64_TO_32_BIT_CONVERSION = YES;
				GCC_WARN_ABOUT_RETURN_TYPE = YES_ERROR;
				GCC_WARN_UNDECLARED_SELECTOR = YES;
				GCC_WARN_UNINITIALIZED_AUTOS = YES_AGGRESSIVE;
				GCC_WARN_UNUSED_FUNCTION = YES;
				GCC_WARN_UNUSED_VARIABLE = YES;
				IPHONEOS_DEPLOYMENT_TARGET = 17.2;
				LOCALIZATION_PREFERS_STRING_CATALOGS = YES;
				MTL_ENABLE_DEBUG_INFO = NO;
				MTL_FAST_MATH = YES;
				SDKROOT = iphoneos;
				SWIFT_COMPILATION_MODE = wholemodule;
				VALIDATE_PRODUCT = YES;
			};
			name = Release;
		};
		F0D69FF12B7FDB3000DADABB /* Debug */ = {
			isa = XCBuildConfiguration;
			buildSettings = {
				ASSETCATALOG_COMPILER_APPICON_NAME = AppIcon;
				ASSETCATALOG_COMPILER_GLOBAL_ACCENT_COLOR_NAME = AccentColor;
				CODE_SIGN_STYLE = Automatic;
				CURRENT_PROJECT_VERSION = 1;
				DEVELOPMENT_ASSET_PATHS = "\"RickMortyApp/Preview Content\"";
				DEVELOPMENT_TEAM = GZY82CG4JC;
				ENABLE_PREVIEWS = YES;
				GENERATE_INFOPLIST_FILE = YES;
				INFOPLIST_KEY_UIApplicationSceneManifest_Generation = YES;
				INFOPLIST_KEY_UIApplicationSupportsIndirectInputEvents = YES;
				INFOPLIST_KEY_UILaunchScreen_Generation = YES;
				INFOPLIST_KEY_UISupportedInterfaceOrientations_iPad = "UIInterfaceOrientationPortrait UIInterfaceOrientationPortraitUpsideDown UIInterfaceOrientationLandscapeLeft UIInterfaceOrientationLandscapeRight";
				INFOPLIST_KEY_UISupportedInterfaceOrientations_iPhone = "UIInterfaceOrientationPortrait UIInterfaceOrientationLandscapeLeft UIInterfaceOrientationLandscapeRight";
				LD_RUNPATH_SEARCH_PATHS = (
					"$(inherited)",
					"@executable_path/Frameworks",
				);
				MARKETING_VERSION = 1.0;
				PRODUCT_BUNDLE_IDENTIFIER = inalmo.RickMortyApp;
				PRODUCT_NAME = "$(TARGET_NAME)";
				SWIFT_EMIT_LOC_STRINGS = YES;
				SWIFT_VERSION = 5.0;
				TARGETED_DEVICE_FAMILY = "1,2";
			};
			name = Debug;
		};
		F0D69FF22B7FDB3000DADABB /* Release */ = {
			isa = XCBuildConfiguration;
			buildSettings = {
				ASSETCATALOG_COMPILER_APPICON_NAME = AppIcon;
				ASSETCATALOG_COMPILER_GLOBAL_ACCENT_COLOR_NAME = AccentColor;
				CODE_SIGN_STYLE = Automatic;
				CURRENT_PROJECT_VERSION = 1;
				DEVELOPMENT_ASSET_PATHS = "\"RickMortyApp/Preview Content\"";
				DEVELOPMENT_TEAM = GZY82CG4JC;
				ENABLE_PREVIEWS = YES;
				GENERATE_INFOPLIST_FILE = YES;
				INFOPLIST_KEY_UIApplicationSceneManifest_Generation = YES;
				INFOPLIST_KEY_UIApplicationSupportsIndirectInputEvents = YES;
				INFOPLIST_KEY_UILaunchScreen_Generation = YES;
				INFOPLIST_KEY_UISupportedInterfaceOrientations_iPad = "UIInterfaceOrientationPortrait UIInterfaceOrientationPortraitUpsideDown UIInterfaceOrientationLandscapeLeft UIInterfaceOrientationLandscapeRight";
				INFOPLIST_KEY_UISupportedInterfaceOrientations_iPhone = "UIInterfaceOrientationPortrait UIInterfaceOrientationLandscapeLeft UIInterfaceOrientationLandscapeRight";
				LD_RUNPATH_SEARCH_PATHS = (
					"$(inherited)",
					"@executable_path/Frameworks",
				);
				MARKETING_VERSION = 1.0;
				PRODUCT_BUNDLE_IDENTIFIER = inalmo.RickMortyApp;
				PRODUCT_NAME = "$(TARGET_NAME)";
				SWIFT_EMIT_LOC_STRINGS = YES;
				SWIFT_VERSION = 5.0;
				TARGETED_DEVICE_FAMILY = "1,2";
			};
			name = Release;
		};
		F0D69FF42B7FDB3000DADABB /* Debug */ = {
			isa = XCBuildConfiguration;
			buildSettings = {
				ALWAYS_EMBED_SWIFT_STANDARD_LIBRARIES = YES;
				BUNDLE_LOADER = "$(TEST_HOST)";
				CODE_SIGN_STYLE = Automatic;
				CURRENT_PROJECT_VERSION = 1;
				DEVELOPMENT_TEAM = GZY82CG4JC;
				GENERATE_INFOPLIST_FILE = YES;
				IPHONEOS_DEPLOYMENT_TARGET = 17.2;
				MARKETING_VERSION = 1.0;
				PRODUCT_BUNDLE_IDENTIFIER = inalmo.RickMortyAppTests;
				PRODUCT_NAME = "$(TARGET_NAME)";
				SWIFT_EMIT_LOC_STRINGS = NO;
				SWIFT_VERSION = 5.0;
				TARGETED_DEVICE_FAMILY = "1,2";
				TEST_HOST = "$(BUILT_PRODUCTS_DIR)/RickMortyApp.app/$(BUNDLE_EXECUTABLE_FOLDER_PATH)/RickMortyApp";
			};
			name = Debug;
		};
		F0D69FF52B7FDB3000DADABB /* Release */ = {
			isa = XCBuildConfiguration;
			buildSettings = {
				ALWAYS_EMBED_SWIFT_STANDARD_LIBRARIES = YES;
				BUNDLE_LOADER = "$(TEST_HOST)";
				CODE_SIGN_STYLE = Automatic;
				CURRENT_PROJECT_VERSION = 1;
				DEVELOPMENT_TEAM = GZY82CG4JC;
				GENERATE_INFOPLIST_FILE = YES;
				IPHONEOS_DEPLOYMENT_TARGET = 17.2;
				MARKETING_VERSION = 1.0;
				PRODUCT_BUNDLE_IDENTIFIER = inalmo.RickMortyAppTests;
				PRODUCT_NAME = "$(TARGET_NAME)";
				SWIFT_EMIT_LOC_STRINGS = NO;
				SWIFT_VERSION = 5.0;
				TARGETED_DEVICE_FAMILY = "1,2";
				TEST_HOST = "$(BUILT_PRODUCTS_DIR)/RickMortyApp.app/$(BUNDLE_EXECUTABLE_FOLDER_PATH)/RickMortyApp";
			};
			name = Release;
		};
		F0D69FF72B7FDB3000DADABB /* Debug */ = {
			isa = XCBuildConfiguration;
			buildSettings = {
				ALWAYS_EMBED_SWIFT_STANDARD_LIBRARIES = YES;
				CODE_SIGN_STYLE = Automatic;
				CURRENT_PROJECT_VERSION = 1;
				DEVELOPMENT_TEAM = GZY82CG4JC;
				GENERATE_INFOPLIST_FILE = YES;
				MARKETING_VERSION = 1.0;
				PRODUCT_BUNDLE_IDENTIFIER = inalmo.RickMortyAppUITests;
				PRODUCT_NAME = "$(TARGET_NAME)";
				SWIFT_EMIT_LOC_STRINGS = NO;
				SWIFT_VERSION = 5.0;
				TARGETED_DEVICE_FAMILY = "1,2";
				TEST_TARGET_NAME = RickMortyApp;
			};
			name = Debug;
		};
		F0D69FF82B7FDB3000DADABB /* Release */ = {
			isa = XCBuildConfiguration;
			buildSettings = {
				ALWAYS_EMBED_SWIFT_STANDARD_LIBRARIES = YES;
				CODE_SIGN_STYLE = Automatic;
				CURRENT_PROJECT_VERSION = 1;
				DEVELOPMENT_TEAM = GZY82CG4JC;
				GENERATE_INFOPLIST_FILE = YES;
				MARKETING_VERSION = 1.0;
				PRODUCT_BUNDLE_IDENTIFIER = inalmo.RickMortyAppUITests;
				PRODUCT_NAME = "$(TARGET_NAME)";
				SWIFT_EMIT_LOC_STRINGS = NO;
				SWIFT_VERSION = 5.0;
				TARGETED_DEVICE_FAMILY = "1,2";
				TEST_TARGET_NAME = RickMortyApp;
			};
			name = Release;
		};
/* End XCBuildConfiguration section */

/* Begin XCConfigurationList section */
		F0D69FC72B7FDB2E00DADABB /* Build configuration list for PBXProject "RickMortyApp" */ = {
			isa = XCConfigurationList;
			buildConfigurations = (
				F0D69FEE2B7FDB3000DADABB /* Debug */,
				F0D69FEF2B7FDB3000DADABB /* Release */,
			);
			defaultConfigurationIsVisible = 0;
			defaultConfigurationName = Release;
		};
		F0D69FF02B7FDB3000DADABB /* Build configuration list for PBXNativeTarget "RickMortyApp" */ = {
			isa = XCConfigurationList;
			buildConfigurations = (
				F0D69FF12B7FDB3000DADABB /* Debug */,
				F0D69FF22B7FDB3000DADABB /* Release */,
			);
			defaultConfigurationIsVisible = 0;
			defaultConfigurationName = Release;
		};
		F0D69FF32B7FDB3000DADABB /* Build configuration list for PBXNativeTarget "RickMortyAppTests" */ = {
			isa = XCConfigurationList;
			buildConfigurations = (
				F0D69FF42B7FDB3000DADABB /* Debug */,
				F0D69FF52B7FDB3000DADABB /* Release */,
			);
			defaultConfigurationIsVisible = 0;
			defaultConfigurationName = Release;
		};
		F0D69FF62B7FDB3000DADABB /* Build configuration list for PBXNativeTarget "RickMortyAppUITests" */ = {
			isa = XCConfigurationList;
			buildConfigurations = (
				F0D69FF72B7FDB3000DADABB /* Debug */,
				F0D69FF82B7FDB3000DADABB /* Release */,
			);
			defaultConfigurationIsVisible = 0;
			defaultConfigurationName = Release;
		};
/* End XCConfigurationList section */
	};
	rootObject = F0D69FC42B7FDB2E00DADABB /* Project object */;
}
